<?xml version="1.0" encoding="utf-8"?>
<Project ToolsVersion="4.0" xmlns="http://schemas.microsoft.com/developer/msbuild/2003">
  <ItemGroup>
    <Filter Include="源文件">
      <UniqueIdentifier>{4FC737F1-C7A5-4376-A066-2A32D752A2FF}</UniqueIdentifier>
      <Extensions>cpp;c;cc;cxx;c++;cppm;ixx;def;odl;idl;hpj;bat;asm;asmx</Extensions>
    </Filter>
    <Filter Include="头文件">
      <UniqueIdentifier>{93995380-89BD-4b04-88EB-625FBE52EBFB}</UniqueIdentifier>
      <Extensions>h;hh;hpp;hxx;h++;hm;inl;inc;ipp;xsd</Extensions>
    </Filter>
    <Filter Include="资源文件">
      <UniqueIdentifier>{67DA6AB6-F800-4c08-8B7A-83BB121AAD01}</UniqueIdentifier>
      <Extensions>rc;ico;cur;bmp;dlg;rc2;rct;bin;rgs;gif;jpg;jpeg;jpe;resx;tiff;tif;png;wav;mfcribbon-ms</Extensions>
    </Filter>
  </ItemGroup>
  <ItemGroup>
    <ClCompile Include="1 单模匹配：BRUte force暴力匹配.cpp">
      <Filter>资源文件</Filter>
    </ClCompile>
    <ClCompile Include="2 sunday算法.cpp">
      <Filter>资源文件</Filter>
    </ClCompile>
    <ClCompile Include="3 Boyer Moore.cpp">
      <Filter>资源文件</Filter>
    </ClCompile>
    <ClCompile Include="4 KMP算法.cpp">
      <Filter>资源文件</Filter>
    </ClCompile>
    <ClCompile Include="5,多模匹配  Rabin.cpp">
      <Filter>资源文件</Filter>
    </ClCompile>
    <ClCompile Include="6 shift and.cpp">
      <Filter>资源文件</Filter>
    </ClCompile>
    <ClCompile Include="7 shift or 算法.cpp">
      <Filter>资源文件</Filter>
    </ClCompile>
    <ClCompile Include="8 tire 字典树  双数组字典树.cpp">
      <Filter>资源文件</Filter>
    </ClCompile>
    <ClCompile Include="9 双数组字典树.cpp">
      <Filter>资源文件</Filter>
    </ClCompile>
    <ClCompile Include="10 可持久化字典树.cpp">
      <Filter>资源文件</Filter>
    </ClCompile>
    <ClCompile Include="11 Ac自动机   .cpp">
      <Filter>资源文件</Filter>
    </ClCompile>
    <ClCompile Include="12 简单版本.cpp">
      <Filter>资源文件</Filter>
    </ClCompile>
    <ClCompile Include="13 复杂版本.cpp">
      <Filter>资源文件</Filter>
    </ClCompile>
    <ClCompile Include="14 循环字符.cpp">
      <Filter>资源文件</Filter>
    </ClCompile>
    <ClCompile Include="15 项链的主人.cpp">
      <Filter>资源文件</Filter>
    </ClCompile>
    <ClCompile Include="16 前缀统计.cpp">
      <Filter>资源文件</Filter>
    </ClCompile>
    <ClCompile Include="17 最大异或值.cpp">
      <Filter>资源文件</Filter>
    </ClCompile>
    <ClCompile Include="18 字符串哈希.cpp">
      <Filter>资源文件</Filter>
    </ClCompile>
    <ClCompile Include="19 扩展KMP.cpp">
      <Filter>资源文件</Filter>
    </ClCompile>
    <ClCompile Include="20 KMP模板.cpp">
      <Filter>资源文件</Filter>
    </ClCompile>
    <ClCompile Include="21 最长前缀.cpp">
      <Filter>资源文件</Filter>
    </ClCompile>
    <ClCompile Include="22 字典树模板.cpp">
      <Filter>资源文件</Filter>
    </ClCompile>
    <ClCompile Include="23  L语言.cpp">
      <Filter>资源文件</Filter>
    </ClCompile>
  </ItemGroup>
</Project>